Microsoft Visual Studio Solution File, Format Version 12.00
# Visual Studio Version 18
VisualStudioVersion = 18.8.12023.21
MinimumVisualStudioVersion = 10.0.40219.1
Project("{FAE04EC0-301F-11D3-BF4B-00C04F79EFBC}") = "HILOP.App", "src\HILOP.App\HILOP.App.csproj", "{DE97BF51-16F5-43DF-B6B5-6F442C43ECEC}"
EndProject
Project("{FAE04EC0-301F-11D3-BF4B-00C04F79EFBC}") = "HILOP.Presentation", "src\HILOP.Presentation\HILOP.Presentation.csproj", "{5493D13C-3112-4E81-878C-B08D1DE6363A}"
EndProject
Project("{FAE04EC0-301F-11D3-BF4B-00C04F79EFBC}") = "HILOP.Application", "src\HILOP.Application\HILOP.Application.csproj", "{BA64AC07-C981-46A7-B473-767D345C2DA0}"
EndProject
Project("{FAE04EC0-301F-11D3-BF4B-00C04F79EFBC}") = "HILOP.Contracts", "src\HILOP.Contracts\HILOP.Contracts.csproj", "{8FEC0BF4-CEC8-48B8-8E10-1699CAF4A66F}"
EndProject
Project("{FAE04EC0-301F-11D3-BF4B-00C04F79EFBC}") = "HILOP.Domain", "src\HILOP.Domain\HILOP.Domain.csproj", "{1616DB7B-5944-439D-A256-F285D964B3ED}"
EndProject
Project("{FAE04EC0-301F-11D3-BF4B-00C04F79EFBC}") = "HILOP.Configuration", "src\HILOP.Configuration\HILOP.Configuration.csproj", "{88AF8A43-E004-441A-85FC-AE4FDAC7C2B5}"
EndProject
Project("{FAE04EC0-301F-11D3-BF4B-00C04F79EFBC}") = "HILOP.Providers.Abstractions", "src\HILOP.Providers.Abstractions\HILOP.Providers.Abstractions.csproj", "{D03BA7FC-C9CE-46C9-B905-B25BF661094D}"
EndProject
Project("{FAE04EC0-301F-11D3-BF4B-00C04F79EFBC}") = "HILOP.Extensions.Abstractions", "src\HILOP.Extensions.Abstractions\HILOP.Extensions.Abstractions.csproj", "{1D944CD3-F0B5-463B-9583-745DD55B0E9D}"
EndProject
Project("{FAE04EC0-301F-11D3-BF4B-00C04F79EFBC}") = "HILOP.Extensions.Registry", "src\HILOP.Extensions.Registry\HILOP.Extensions.Registry.csproj", "{186DEC57-6105-45F6-8649-082535FC9611}"
EndProject
Project("{FAE04EC0-301F-11D3-BF4B-00C04F79EFBC}") = "HILOP.Providers.Graph", "src\HILOP.Providers.Graph\HILOP.Providers.Graph.csproj", "{9E56C606-A5D1-4CB1-92BC-B6D66CB47CF4}"
EndProject
Project("{FAE04EC0-301F-11D3-BF4B-00C04F79EFBC}") = "HILOP.Providers.ActiveDirectory", "src\HILOP.Providers.ActiveDirectory\HILOP.Providers.ActiveDirectory.csproj", "{96F713F4-18AC-4F74-ACCA-6BFFEFCA042D}"
EndProject
Project("{FAE04EC0-301F-11D3-BF4B-00C04F79EFBC}") = "HILOP.Providers.ExchangeOnline", "src\HILOP.Providers.ExchangeOnline\HILOP.Providers.ExchangeOnline.csproj", "{C55D70B1-0F7E-48BD-BC24-834345104B6A}"
EndProject
Project("{FAE04EC0-301F-11D3-BF4B-00C04F79EFBC}") = "HILOP.Providers.ExchangeOnPremises", "src\HILOP.Providers.ExchangeOnPremises\HILOP.Providers.ExchangeOnPremises.csproj", "{7AFFC428-6439-4FED-AD57-13E494CF9659}"
EndProject
Project("{FAE04EC0-301F-11D3-BF4B-00C04F79EFBC}") = "HILOP.Providers.Simulator", "src\HILOP.Providers.Simulator\HILOP.Providers.Simulator.csproj", "{A9E8CA38-B246-4D39-A3E8-E5FCF28ABC6B}"
EndProject
Project("{FAE04EC0-301F-11D3-BF4B-00C04F79EFBC}") = "HILOP.Plugin.Protocol", "src\HILOP.Plugin.Protocol\HILOP.Plugin.Protocol.csproj", "{69701F85-CCD1-4CBB-B2FF-C73F215188F5}"
EndProject
Project("{FAE04EC0-301F-11D3-BF4B-00C04F79EFBC}") = "HILOP.Extensions.PowerShell", "src\HILOP.Extensions.PowerShell\HILOP.Extensions.PowerShell.csproj", "{5C693F41-39D6-4776-911F-DD125563E635}"
EndProject
Project("{FAE04EC0-301F-11D3-BF4B-00C04F79EFBC}") = "HILOP.PowerShellPluginHost", "src\HILOP.PowerShellPluginHost\HILOP.PowerShellPluginHost.csproj", "{67E7D73A-458A-4C5E-851B-7F168B328E8E}"
EndProject
Project("{FAE04EC0-301F-11D3-BF4B-00C04F79EFBC}") = "HILOP.Application.Tests", "tests\HILOP.Application.Tests\HILOP.Application.Tests.csproj", "{0FAB8DA9-E0E8-466B-9BD0-BFAFEA6CC698}"
EndProject
Project("{FAE04EC0-301F-11D3-BF4B-00C04F79EFBC}") = "HILOP.Configuration.Tests", "tests\HILOP.Configuration.Tests\HILOP.Configuration.Tests.csproj", "{841F6665-53D8-4E2D-B8A7-60F1BDDE3659}"
EndProject
Project("{FAE04EC0-301F-11D3-BF4B-00C04F79EFBC}") = "HILOP.Contracts.Tests", "tests\HILOP.Contracts.Tests\HILOP.Contracts.Tests.csproj", "{8E9F37A9-50C9-44AB-9DF0-313E52531A09}"
EndProject
Project("{FAE04EC0-301F-11D3-BF4B-00C04F79EFBC}") = "HILOP.Extensions.Registry.Tests", "tests\HILOP.Extensions.Registry.Tests\HILOP.Extensions.Registry.Tests.csproj", "{DA6ED402-3239-4917-92A9-A57AC7226B7F}"
EndProject
Project("{FAE04EC0-301F-11D3-BF4B-00C04F79EFBC}") = "HILOP.Extensions.PowerShell.Tests", "tests\HILOP.Extensions.PowerShell.Tests\HILOP.Extensions.PowerShell.Tests.csproj", "{37C4EB08-1908-450E-B4A7-ACBE5DB66B06}"
EndProject
Project("{FAE04EC0-301F-11D3-BF4B-00C04F79EFBC}") = "HILOP.IntegrationTests", "tests\HILOP.IntegrationTests\HILOP.IntegrationTests.csproj", "{43DD2D9E-EE7A-4031-8AD9-3D1205AD8E47}"
EndProject
Project("{FAE04EC0-301F-11D3-BF4B-00C04F79EFBC}") = "HILOP.ContractTests", "tests\HILOP.ContractTests\HILOP.ContractTests.csproj", "{D2CA95D6-BD97-47AF-9C65-C2166D2333A4}"
EndProject
Project("{FAE04EC0-301F-11D3-BF4B-00C04F79EFBC}") = "HILOP.PluginConformanceTests", "tests\HILOP.PluginConformanceTests\HILOP.PluginConformanceTests.csproj", "{5D6F94E6-3642-4157-95C9-B524F4AA672A}"
EndProject
Project("{2150E333-8FDC-42A3-9474-1A3956D46DE8}") = "tests", "tests", "{0AB3BF05-4346-4AA6-1389-037BE0695223}"
EndProject
Project("{FAE04EC0-301F-11D3-BF4B-00C04F79EFBC}") = "HILOP.Presentation.Tests", "tests\HILOP.Presentation.Tests\HILOP.Presentation.Tests.csproj", "{D45D3BF8-3986-433E-9F0C-6E633425AC0B}"
EndProject
Project("{FAE04EC0-301F-11D3-BF4B-00C04F79EFBC}") = "HILOP.Providers.Simulator.Tests", "tests\HILOP.Providers.Simulator.Tests\HILOP.Providers.Simulator.Tests.csproj", "{86D9F0D1-FBBB-4B80-837C-762CA1F42AD9}"
EndProject
Project("{54435603-DBB4-11D2-8724-00A0C9A8B90C}") = "HILOP.Installer", "HILOP.Installer\HILOP.Installer.vdproj", "{11FDED3A-BD1F-8312-AE06-1A6E97FF625E}"
EndProject
Project("{2150E333-8FDC-42A3-9474-1A3956D46DE8}") = "Solution Items", "Solution Items", "{74B88BC9-1EF1-4B2F-9F20-CE435C37AF48}"
	ProjectSection(SolutionItems) = preProject
		..\assets\HILOP Knowledgebase.url = ..\assets\HILOP Knowledgebase.url
		..\assets\icons\HILOP_Logo.ico = ..\assets\icons\HILOP_Logo.ico
	EndProjectSection
EndProject
Global
	GlobalSection(SolutionConfigurationPlatforms) = preSolution
		Debug|Any CPU = Debug|Any CPU
		Debug|x64 = Debug|x64
		Debug|x86 = Debug|x86
		Release|Any CPU = Release|Any CPU
		Release|x64 = Release|x64
		Release|x86 = Release|x86
	EndGlobalSection
	GlobalSection(ProjectConfigurationPlatforms) = postSolution
		{DE97BF51-16F5-43DF-B6B5-6F442C43ECEC}.Debug|Any CPU.ActiveCfg = Debug|Any CPU
		{DE97BF51-16F5-43DF-B6B5-6F442C43ECEC}.Debug|Any CPU.Build.0 = Debug|Any CPU
		{DE97BF51-16F5-43DF-B6B5-6F442C43ECEC}.Debug|x64.ActiveCfg = Debug|Any CPU
		{DE97BF51-16F5-43DF-B6B5-6F442C43ECEC}.Debug|x64.Build.0 = Debug|Any CPU
		{DE97BF51-16F5-43DF-B6B5-6F442C43ECEC}.Debug|x86.ActiveCfg = Debug|Any CPU
		{DE97BF51-16F5-43DF-B6B5-6F442C43ECEC}.Debug|x86.Build.0 = Debug|Any CPU
		{DE97BF51-16F5-43DF-B6B5-6F442C43ECEC}.Release|Any CPU.ActiveCfg = Release|Any CPU
		{DE97BF51-16F5-43DF-B6B5-6F442C43ECEC}.Release|Any CPU.Build.0 = Release|Any CPU
		{DE97BF51-16F5-43DF-B6B5-6F442C43ECEC}.Release|x64.ActiveCfg = Release|Any CPU
		{DE97BF51-16F5-43DF-B6B5-6F442C43ECEC}.Release|x64.Build.0 = Release|Any CPU
		{DE97BF51-16F5-43DF-B6B5-6F442C43ECEC}.Release|x86.ActiveCfg = Release|Any CPU
		{DE97BF51-16F5-43DF-B6B5-6F442C43ECEC}.Release|x86.Build.0 = Release|Any CPU
		{5493D13C-3112-4E81-878C-B08D1DE6363A}.Debug|Any CPU.ActiveCfg = Debug|Any CPU
		{5493D13C-3112-4E81-878C-B08D1DE6363A}.Debug|Any CPU.Build.0 = Debug|Any CPU
		{5493D13C-3112-4E81-878C-B08D1DE6363A}.Debug|x64.ActiveCfg = Debug|Any CPU
		{5493D13C-3112-4E81-878C-B08D1DE6363A}.Debug|x64.Build.0 = Debug|Any CPU
		{5493D13C-3112-4E81-878C-B08D1DE6363A}.Debug|x86.ActiveCfg = Debug|Any CPU
		{5493D13C-3112-4E81-878C-B08D1DE6363A}.Debug|x86.Build.0 = Debug|Any CPU
		{5493D13C-3112-4E81-878C-B08D1DE6363A}.Release|Any CPU.ActiveCfg = Release|Any CPU
		{5493D13C-3112-4E81-878C-B08D1DE6363A}.Release|Any CPU.Build.0 = Release|Any CPU
		{5493D13C-3112-4E81-878C-B08D1DE6363A}.Release|x64.ActiveCfg = Release|Any CPU
		{5493D13C-3112-4E81-878C-B08D1DE6363A}.Release|x64.Build.0 = Release|Any CPU
		{5493D13C-3112-4E81-878C-B08D1DE6363A}.Release|x86.ActiveCfg = Release|Any CPU
		{5493D13C-3112-4E81-878C-B08D1DE6363A}.Release|x86.Build.0 = Release|Any CPU
		{BA64AC07-C981-46A7-B473-767D345C2DA0}.Debug|Any CPU.ActiveCfg = Debug|Any CPU
		{BA64AC07-C981-46A7-B473-767D345C2DA0}.Debug|Any CPU.Build.0 = Debug|Any CPU
		{BA64AC07-C981-46A7-B473-767D345C2DA0}.Debug|x64.ActiveCfg = Debug|Any CPU
		{BA64AC07-C981-46A7-B473-767D345C2DA0}.Debug|x64.Build.0 = Debug|Any CPU
		{BA64AC07-C981-46A7-B473-767D345C2DA0}.Debug|x86.ActiveCfg = Debug|Any CPU
		{BA64AC07-C981-46A7-B473-767D345C2DA0}.Debug|x86.Build.0 = Debug|Any CPU
		{BA64AC07-C981-46A7-B473-767D345C2DA0}.Release|Any CPU.ActiveCfg = Release|Any CPU
		{BA64AC07-C981-46A7-B473-767D345C2DA0}.Release|Any CPU.Build.0 = Release|Any CPU
		{BA64AC07-C981-46A7-B473-767D345C2DA0}.Release|x64.ActiveCfg = Release|Any CPU
		{BA64AC07-C981-46A7-B473-767D345C2DA0}.Release|x64.Build.0 = Release|Any CPU
		{BA64AC07-C981-46A7-B473-767D345C2DA0}.Release|x86.ActiveCfg = Release|Any CPU
		{BA64AC07-C981-46A7-B473-767D345C2DA0}.Release|x86.Build.0 = Release|Any CPU
		{8FEC0BF4-CEC8-48B8-8E10-1699CAF4A66F}.Debug|Any CPU.ActiveCfg = Debug|Any CPU
		{8FEC0BF4-CEC8-48B8-8E10-1699CAF4A66F}.Debug|Any CPU.Build.0 = Debug|Any CPU
		{8FEC0BF4-CEC8-48B8-8E10-1699CAF4A66F}.Debug|x64.ActiveCfg = Debug|Any CPU
		{8FEC0BF4-CEC8-48B8-8E10-1699CAF4A66F}.Debug|x64.Build.0 = Debug|Any CPU
		{8FEC0BF4-CEC8-48B8-8E10-1699CAF4A66F}.Debug|x86.ActiveCfg = Debug|Any CPU
		{8FEC0BF4-CEC8-48B8-8E10-1699CAF4A66F}.Debug|x86.Build.0 = Debug|Any CPU
		{8FEC0BF4-CEC8-48B8-8E10-1699CAF4A66F}.Release|Any CPU.ActiveCfg = Release|Any CPU
		{8FEC0BF4-CEC8-48B8-8E10-1699CAF4A66F}.Release|Any CPU.Build.0 = Release|Any CPU
		{8FEC0BF4-CEC8-48B8-8E10-1699CAF4A66F}.Release|x64.ActiveCfg = Release|Any CPU
		{8FEC0BF4-CEC8-48B8-8E10-1699CAF4A66F}.Release|x64.Build.0 = Release|Any CPU
		{8FEC0BF4-CEC8-48B8-8E10-1699CAF4A66F}.Release|x86.ActiveCfg = Release|Any CPU
		{8FEC0BF4-CEC8-48B8-8E10-1699CAF4A66F}.Release|x86.Build.0 = Release|Any CPU
		{1616DB7B-5944-439D-A256-F285D964B3ED}.Debug|Any CPU.ActiveCfg = Debug|Any CPU
		{1616DB7B-5944-439D-A256-F285D964B3ED}.Debug|Any CPU.Build.0 = Debug|Any CPU
		{1616DB7B-5944-439D-A256-F285D964B3ED}.Debug|x64.ActiveCfg = Debug|Any CPU
		{1616DB7B-5944-439D-A256-F285D964B3ED}.Debug|x64.Build.0 = Debug|Any CPU
		{1616DB7B-5944-439D-A256-F285D964B3ED}.Debug|x86.ActiveCfg = Debug|Any CPU
		{1616DB7B-5944-439D-A256-F285D964B3ED}.Debug|x86.Build.0 = Debug|Any CPU
		{1616DB7B-5944-439D-A256-F285D964B3ED}.Release|Any CPU.ActiveCfg = Release|Any CPU
		{1616DB7B-5944-439D-A256-F285D964B3ED}.Release|Any CPU.Build.0 = Release|Any CPU
		{1616DB7B-5944-439D-A256-F285D964B3ED}.Release|x64.ActiveCfg = Release|Any CPU
		{1616DB7B-5944-439D-A256-F285D964B3ED}.Release|x64.Build.0 = Release|Any CPU
		{1616DB7B-5944-439D-A256-F285D964B3ED}.Release|x86.ActiveCfg = Release|Any CPU
		{1616DB7B-5944-439D-A256-F285D964B3ED}.Release|x86.Build.0 = Release|Any CPU
		{88AF8A43-E004-441A-85FC-AE4FDAC7C2B5}.Debug|Any CPU.ActiveCfg = Debug|Any CPU
		{88AF8A43-E004-441A-85FC-AE4FDAC7C2B5}.Debug|Any CPU.Build.0 = Debug|Any CPU
		{88AF8A43-E004-441A-85FC-AE4FDAC7C2B5}.Debug|x64.ActiveCfg = Debug|Any CPU
		{88AF8A43-E004-441A-85FC-AE4FDAC7C2B5}.Debug|x64.Build.0 = Debug|Any CPU
		{88AF8A43-E004-441A-85FC-AE4FDAC7C2B5}.Debug|x86.ActiveCfg = Debug|Any CPU
		{88AF8A43-E004-441A-85FC-AE4FDAC7C2B5}.Debug|x86.Build.0 = Debug|Any CPU
		{88AF8A43-E004-441A-85FC-AE4FDAC7C2B5}.Release|Any CPU.ActiveCfg = Release|Any CPU
		{88AF8A43-E004-441A-85FC-AE4FDAC7C2B5}.Release|Any CPU.Build.0 = Release|Any CPU
		{88AF8A43-E004-441A-85FC-AE4FDAC7C2B5}.Release|x64.ActiveCfg = Release|Any CPU
		{88AF8A43-E004-441A-85FC-AE4FDAC7C2B5}.Release|x64.Build.0 = Release|Any CPU
		{88AF8A43-E004-441A-85FC-AE4FDAC7C2B5}.Release|x86.ActiveCfg = Release|Any CPU
		{88AF8A43-E004-441A-85FC-AE4FDAC7C2B5}.Release|x86.Build.0 = Release|Any CPU
		{D03BA7FC-C9CE-46C9-B905-B25BF661094D}.Debug|Any CPU.ActiveCfg = Debug|Any CPU
		{D03BA7FC-C9CE-46C9-B905-B25BF661094D}.Debug|Any CPU.Build.0 = Debug|Any CPU
		{D03BA7FC-C9CE-46C9-B905-B25BF661094D}.Debug|x64.ActiveCfg = Debug|Any CPU
		{D03BA7FC-C9CE-46C9-B905-B25BF661094D}.Debug|x64.Build.0 = Debug|Any CPU
		{D03BA7FC-C9CE-46C9-B905-B25BF661094D}.Debug|x86.ActiveCfg = Debug|Any CPU
		{D03BA7FC-C9CE-46C9-B905-B25BF661094D}.Debug|x86.Build.0 = Debug|Any CPU
		{D03BA7FC-C9CE-46C9-B905-B25BF661094D}.Release|Any CPU.ActiveCfg = Release|Any CPU
		{D03BA7FC-C9CE-46C9-B905-B25BF661094D}.Release|Any CPU.Build.0 = Release|Any CPU
		{D03BA7FC-C9CE-46C9-B905-B25BF661094D}.Release|x64.ActiveCfg = Release|Any CPU
		{D03BA7FC-C9CE-46C9-B905-B25BF661094D}.Release|x64.Build.0 = Release|Any CPU
		{D03BA7FC-C9CE-46C9-B905-B25BF661094D}.Release|x86.ActiveCfg = Release|Any CPU
		{D03BA7FC-C9CE-46C9-B905-B25BF661094D}.Release|x86.Build.0 = Release|Any CPU
		{1D944CD3-F0B5-463B-9583-745DD55B0E9D}.Debug|Any CPU.ActiveCfg = Debug|Any CPU
		{1D944CD3-F0B5-463B-9583-745DD55B0E9D}.Debug|Any CPU.Build.0 = Debug|Any CPU
		{1D944CD3-F0B5-463B-9583-745DD55B0E9D}.Debug|x64.ActiveCfg = Debug|Any CPU
		{1D944CD3-F0B5-463B-9583-745DD55B0E9D}.Debug|x64.Build.0 = Debug|Any CPU
		{1D944CD3-F0B5-463B-9583-745DD55B0E9D}.Debug|x86.ActiveCfg = Debug|Any CPU
		{1D944CD3-F0B5-463B-9583-745DD55B0E9D}.Debug|x86.Build.0 = Debug|Any CPU
		{1D944CD3-F0B5-463B-9583-745DD55B0E9D}.Release|Any CPU.ActiveCfg = Release|Any CPU
		{1D944CD3-F0B5-463B-9583-745DD55B0E9D}.Release|Any CPU.Build.0 = Release|Any CPU
		{1D944CD3-F0B5-463B-9583-745DD55B0E9D}.Release|x64.ActiveCfg = Release|Any CPU
		{1D944CD3-F0B5-463B-9583-745DD55B0E9D}.Release|x64.Build.0 = Release|Any CPU
		{1D944CD3-F0B5-463B-9583-745DD55B0E9D}.Release|x86.ActiveCfg = Release|Any CPU
		{1D944CD3-F0B5-463B-9583-745DD55B0E9D}.Release|x86.Build.0 = Release|Any CPU
		{186DEC57-6105-45F6-8649-082535FC9611}.Debug|Any CPU.ActiveCfg = Debug|Any CPU
		{186DEC57-6105-45F6-8649-082535FC9611}.Debug|Any CPU.Build.0 = Debug|Any CPU
		{186DEC57-6105-45F6-8649-082535FC9611}.Debug|x64.ActiveCfg = Debug|Any CPU
		{186DEC57-6105-45F6-8649-082535FC9611}.Debug|x64.Build.0 = Debug|Any CPU
		{186DEC57-6105-45F6-8649-082535FC9611}.Debug|x86.ActiveCfg = Debug|Any CPU
		{186DEC57-6105-45F6-8649-082535FC9611}.Debug|x86.Build.0 = Debug|Any CPU
		{186DEC57-6105-45F6-8649-082535FC9611}.Release|Any CPU.ActiveCfg = Release|Any CPU
		{186DEC57-6105-45F6-8649-082535FC9611}.Release|Any CPU.Build.0 = Release|Any CPU
		{186DEC57-6105-45F6-8649-082535FC9611}.Release|x64.ActiveCfg = Release|Any CPU
		{186DEC57-6105-45F6-8649-082535FC9611}.Release|x64.Build.0 = Release|Any CPU
		{186DEC57-6105-45F6-8649-082535FC9611}.Release|x86.ActiveCfg = Release|Any CPU
		{186DEC57-6105-45F6-8649-082535FC9611}.Release|x86.Build.0 = Release|Any CPU
		{9E56C606-A5D1-4CB1-92BC-B6D66CB47CF4}.Debug|Any CPU.ActiveCfg = Debug|Any CPU
		{9E56C606-A5D1-4CB1-92BC-B6D66CB47CF4}.Debug|Any CPU.Build.0 = Debug|Any CPU
		{9E56C606-A5D1-4CB1-92BC-B6D66CB47CF4}.Debug|x64.ActiveCfg = Debug|Any CPU
		{9E56C606-A5D1-4CB1-92BC-B6D66CB47CF4}.Debug|x64.Build.0 = Debug|Any CPU
		{9E56C606-A5D1-4CB1-92BC-B6D66CB47CF4}.Debug|x86.ActiveCfg = Debug|Any CPU
		{9E56C606-A5D1-4CB1-92BC-B6D66CB47CF4}.Debug|x86.Build.0 = Debug|Any CPU
		{9E56C606-A5D1-4CB1-92BC-B6D66CB47CF4}.Release|Any CPU.ActiveCfg = Release|Any CPU
		{9E56C606-A5D1-4CB1-92BC-B6D66CB47CF4}.Release|Any CPU.Build.0 = Release|Any CPU
		{9E56C606-A5D1-4CB1-92BC-B6D66CB47CF4}.Release|x64.ActiveCfg = Release|Any CPU
		{9E56C606-A5D1-4CB1-92BC-B6D66CB47CF4}.Release|x64.Build.0 = Release|Any CPU
		{9E56C606-A5D1-4CB1-92BC-B6D66CB47CF4}.Release|x86.ActiveCfg = Release|Any CPU
		{9E56C606-A5D1-4CB1-92BC-B6D66CB47CF4}.Release|x86.Build.0 = Release|Any CPU
		{96F713F4-18AC-4F74-ACCA-6BFFEFCA042D}.Debug|Any CPU.ActiveCfg = Debug|Any CPU
		{96F713F4-18AC-4F74-ACCA-6BFFEFCA042D}.Debug|Any CPU.Build.0 = Debug|Any CPU
		{96F713F4-18AC-4F74-ACCA-6BFFEFCA042D}.Debug|x64.ActiveCfg = Debug|Any CPU
		{96F713F4-18AC-4F74-ACCA-6BFFEFCA042D}.Debug|x64.Build.0 = Debug|Any CPU
		{96F713F4-18AC-4F74-ACCA-6BFFEFCA042D}.Debug|x86.ActiveCfg = Debug|Any CPU
		{96F713F4-18AC-4F74-ACCA-6BFFEFCA042D}.Debug|x86.Build.0 = Debug|Any CPU
		{96F713F4-18AC-4F74-ACCA-6BFFEFCA042D}.Release|Any CPU.ActiveCfg = Release|Any CPU
		{96F713F4-18AC-4F74-ACCA-6BFFEFCA042D}.Release|Any CPU.Build.0 = Release|Any CPU
		{96F713F4-18AC-4F74-ACCA-6BFFEFCA042D}.Release|x64.ActiveCfg = Release|Any CPU
		{96F713F4-18AC-4F74-ACCA-6BFFEFCA042D}.Release|x64.Build.0 = Release|Any CPU
		{96F713F4-18AC-4F74-ACCA-6BFFEFCA042D}.Release|x86.ActiveCfg = Release|Any CPU
		{96F713F4-18AC-4F74-ACCA-6BFFEFCA042D}.Release|x86.Build.0 = Release|Any CPU
		{C55D70B1-0F7E-48BD-BC24-834345104B6A}.Debug|Any CPU.ActiveCfg = Debug|Any CPU
		{C55D70B1-0F7E-48BD-BC24-834345104B6A}.Debug|Any CPU.Build.0 = Debug|Any CPU
		{C55D70B1-0F7E-48BD-BC24-834345104B6A}.Debug|x64.ActiveCfg = Debug|Any CPU
		{C55D70B1-0F7E-48BD-BC24-834345104B6A}.Debug|x64.Build.0 = Debug|Any CPU
		{C55D70B1-0F7E-48BD-BC24-834345104B6A}.Debug|x86.ActiveCfg = Debug|Any CPU
		{C55D70B1-0F7E-48BD-BC24-834345104B6A}.Debug|x86.Build.0 = Debug|Any CPU
		{C55D70B1-0F7E-48BD-BC24-834345104B6A}.Release|Any CPU.ActiveCfg = Release|Any CPU
		{C55D70B1-0F7E-48BD-BC24-834345104B6A}.Release|Any CPU.Build.0 = Release|Any CPU
		{C55D70B1-0F7E-48BD-BC24-834345104B6A}.Release|x64.ActiveCfg = Release|Any CPU
		{C55D70B1-0F7E-48BD-BC24-834345104B6A}.Release|x64.Build.0 = Release|Any CPU
		{C55D70B1-0F7E-48BD-BC24-834345104B6A}.Release|x86.ActiveCfg = Release|Any CPU
		{C55D70B1-0F7E-48BD-BC24-834345104B6A}.Release|x86.Build.0 = Release|Any CPU
		{7AFFC428-6439-4FED-AD57-13E494CF9659}.Debug|Any CPU.ActiveCfg = Debug|Any CPU
		{7AFFC428-6439-4FED-AD57-13E494CF9659}.Debug|Any CPU.Build.0 = Debug|Any CPU
		{7AFFC428-6439-4FED-AD57-13E494CF9659}.Debug|x64.ActiveCfg = Debug|Any CPU
		{7AFFC428-6439-4FED-AD57-13E494CF9659}.Debug|x64.Build.0 = Debug|Any CPU
		{7AFFC428-6439-4FED-AD57-13E494CF9659}.Debug|x86.ActiveCfg = Debug|Any CPU
		{7AFFC428-6439-4FED-AD57-13E494CF9659}.Debug|x86.Build.0 = Debug|Any CPU
		{7AFFC428-6439-4FED-AD57-13E494CF9659}.Release|Any CPU.ActiveCfg = Release|Any CPU
		{7AFFC428-6439-4FED-AD57-13E494CF9659}.Release|Any CPU.Build.0 = Release|Any CPU
		{7AFFC428-6439-4FED-AD57-13E494CF9659}.Release|x64.ActiveCfg = Release|Any CPU
		{7AFFC428-6439-4FED-AD57-13E494CF9659}.Release|x64.Build.0 = Release|Any CPU
		{7AFFC428-6439-4FED-AD57-13E494CF9659}.Release|x86.ActiveCfg = Release|Any CPU
		{7AFFC428-6439-4FED-AD57-13E494CF9659}.Release|x86.Build.0 = Release|Any CPU
		{A9E8CA38-B246-4D39-A3E8-E5FCF28ABC6B}.Debug|Any CPU.ActiveCfg = Debug|Any CPU
		{A9E8CA38-B246-4D39-A3E8-E5FCF28ABC6B}.Debug|Any CPU.Build.0 = Debug|Any CPU
		{A9E8CA38-B246-4D39-A3E8-E5FCF28ABC6B}.Debug|x64.ActiveCfg = Debug|Any CPU
		{A9E8CA38-B246-4D39-A3E8-E5FCF28ABC6B}.Debug|x64.Build.0 = Debug|Any CPU
		{A9E8CA38-B246-4D39-A3E8-E5FCF28ABC6B}.Debug|x86.ActiveCfg = Debug|Any CPU
		{A9E8CA38-B246-4D39-A3E8-E5FCF28ABC6B}.Debug|x86.Build.0 = Debug|Any CPU
		{A9E8CA38-B246-4D39-A3E8-E5FCF28ABC6B}.Release|Any CPU.ActiveCfg = Release|Any CPU
		{A9E8CA38-B246-4D39-A3E8-E5FCF28ABC6B}.Release|Any CPU.Build.0 = Release|Any CPU
		{A9E8CA38-B246-4D39-A3E8-E5FCF28ABC6B}.Release|x64.ActiveCfg = Release|Any CPU
		{A9E8CA38-B246-4D39-A3E8-E5FCF28ABC6B}.Release|x64.Build.0 = Release|Any CPU
		{A9E8CA38-B246-4D39-A3E8-E5FCF28ABC6B}.Release|x86.ActiveCfg = Release|Any CPU
		{A9E8CA38-B246-4D39-A3E8-E5FCF28ABC6B}.Release|x86.Build.0 = Release|Any CPU
		{69701F85-CCD1-4CBB-B2FF-C73F215188F5}.Debug|Any CPU.ActiveCfg = Debug|Any CPU
		{69701F85-CCD1-4CBB-B2FF-C73F215188F5}.Debug|Any CPU.Build.0 = Debug|Any CPU
		{69701F85-CCD1-4CBB-B2FF-C73F215188F5}.Debug|x64.ActiveCfg = Debug|Any CPU
		{69701F85-CCD1-4CBB-B2FF-C73F215188F5}.Debug|x64.Build.0 = Debug|Any CPU
		{69701F85-CCD1-4CBB-B2FF-C73F215188F5}.Debug|x86.ActiveCfg = Debug|Any CPU
		{69701F85-CCD1-4CBB-B2FF-C73F215188F5}.Debug|x86.Build.0 = Debug|Any CPU
		{69701F85-CCD1-4CBB-B2FF-C73F215188F5}.Release|Any CPU.ActiveCfg = Release|Any CPU
		{69701F85-CCD1-4CBB-B2FF-C73F215188F5}.Release|Any CPU.Build.0 = Release|Any CPU
		{69701F85-CCD1-4CBB-B2FF-C73F215188F5}.Release|x64.ActiveCfg = Release|Any CPU
		{69701F85-CCD1-4CBB-B2FF-C73F215188F5}.Release|x64.Build.0 = Release|Any CPU
		{69701F85-CCD1-4CBB-B2FF-C73F215188F5}.Release|x86.ActiveCfg = Release|Any CPU
		{69701F85-CCD1-4CBB-B2FF-C73F215188F5}.Release|x86.Build.0 = Release|Any CPU
		{5C693F41-39D6-4776-911F-DD125563E635}.Debug|Any CPU.ActiveCfg = Debug|Any CPU
		{5C693F41-39D6-4776-911F-DD125563E635}.Debug|Any CPU.Build.0 = Debug|Any CPU
		{5C693F41-39D6-4776-911F-DD125563E635}.Debug|x64.ActiveCfg = Debug|Any CPU
		{5C693F41-39D6-4776-911F-DD125563E635}.Debug|x64.Build.0 = Debug|Any CPU
		{5C693F41-39D6-4776-911F-DD125563E635}.Debug|x86.ActiveCfg = Debug|Any CPU
		{5C693F41-39D6-4776-911F-DD125563E635}.Debug|x86.Build.0 = Debug|Any CPU
		{5C693F41-39D6-4776-911F-DD125563E635}.Release|Any CPU.ActiveCfg = Release|Any CPU
		{5C693F41-39D6-4776-911F-DD125563E635}.Release|Any CPU.Build.0 = Release|Any CPU
		{5C693F41-39D6-4776-911F-DD125563E635}.Release|x64.ActiveCfg = Release|Any CPU
		{5C693F41-39D6-4776-911F-DD125563E635}.Release|x64.Build.0 = Release|Any CPU
		{5C693F41-39D6-4776-911F-DD125563E635}.Release|x86.ActiveCfg = Release|Any CPU
		{5C693F41-39D6-4776-911F-DD125563E635}.Release|x86.Build.0 = Release|Any CPU
		{67E7D73A-458A-4C5E-851B-7F168B328E8E}.Debug|Any CPU.ActiveCfg = Debug|Any CPU
		{67E7D73A-458A-4C5E-851B-7F168B328E8E}.Debug|Any CPU.Build.0 = Debug|Any CPU
		{67E7D73A-458A-4C5E-851B-7F168B328E8E}.Debug|x64.ActiveCfg = Debug|Any CPU
		{67E7D73A-458A-4C5E-851B-7F168B328E8E}.Debug|x64.Build.0 = Debug|Any CPU
		{67E7D73A-458A-4C5E-851B-7F168B328E8E}.Debug|x86.ActiveCfg = Debug|Any CPU
		{67E7D73A-458A-4C5E-851B-7F168B328E8E}.Debug|x86.Build.0 = Debug|Any CPU
		{67E7D73A-458A-4C5E-851B-7F168B328E8E}.Release|Any CPU.ActiveCfg = Release|Any CPU
		{67E7D73A-458A-4C5E-851B-7F168B328E8E}.Release|Any CPU.Build.0 = Release|Any CPU
		{67E7D73A-458A-4C5E-851B-7F168B328E8E}.Release|x64.ActiveCfg = Release|Any CPU
		{67E7D73A-458A-4C5E-851B-7F168B328E8E}.Release|x64.Build.0 = Release|Any CPU
		{67E7D73A-458A-4C5E-851B-7F168B328E8E}.Release|x86.ActiveCfg = Release|Any CPU
		{67E7D73A-458A-4C5E-851B-7F168B328E8E}.Release|x86.Build.0 = Release|Any CPU
		{0FAB8DA9-E0E8-466B-9BD0-BFAFEA6CC698}.Debug|Any CPU.ActiveCfg = Debug|Any CPU
		{0FAB8DA9-E0E8-466B-9BD0-BFAFEA6CC698}.Debug|Any CPU.Build.0 = Debug|Any CPU
		{0FAB8DA9-E0E8-466B-9BD0-BFAFEA6CC698}.Debug|x64.ActiveCfg = Debug|Any CPU
		{0FAB8DA9-E0E8-466B-9BD0-BFAFEA6CC698}.Debug|x64.Build.0 = Debug|Any CPU
		{0FAB8DA9-E0E8-466B-9BD0-BFAFEA6CC698}.Debug|x86.ActiveCfg = Debug|Any CPU
		{0FAB8DA9-E0E8-466B-9BD0-BFAFEA6CC698}.Debug|x86.Build.0 = Debug|Any CPU
		{0FAB8DA9-E0E8-466B-9BD0-BFAFEA6CC698}.Release|Any CPU.ActiveCfg = Release|Any CPU
		{0FAB8DA9-E0E8-466B-9BD0-BFAFEA6CC698}.Release|Any CPU.Build.0 = Release|Any CPU
		{0FAB8DA9-E0E8-466B-9BD0-BFAFEA6CC698}.Release|x64.ActiveCfg = Release|Any CPU
		{0FAB8DA9-E0E8-466B-9BD0-BFAFEA6CC698}.Release|x64.Build.0 = Release|Any CPU
		{0FAB8DA9-E0E8-466B-9BD0-BFAFEA6CC698}.Release|x86.ActiveCfg = Release|Any CPU
		{0FAB8DA9-E0E8-466B-9BD0-BFAFEA6CC698}.Release|x86.Build.0 = Release|Any CPU
		{841F6665-53D8-4E2D-B8A7-60F1BDDE3659}.Debug|Any CPU.ActiveCfg = Debug|Any CPU
		{841F6665-53D8-4E2D-B8A7-60F1BDDE3659}.Debug|Any CPU.Build.0 = Debug|Any CPU
		{841F6665-53D8-4E2D-B8A7-60F1BDDE3659}.Debug|x64.ActiveCfg = Debug|Any CPU
		{841F6665-53D8-4E2D-B8A7-60F1BDDE3659}.Debug|x64.Build.0 = Debug|Any CPU
		{841F6665-53D8-4E2D-B8A7-60F1BDDE3659}.Debug|x86.ActiveCfg = Debug|Any CPU
		{841F6665-53D8-4E2D-B8A7-60F1BDDE3659}.Debug|x86.Build.0 = Debug|Any CPU
		{841F6665-53D8-4E2D-B8A7-60F1BDDE3659}.Release|Any CPU.ActiveCfg = Release|Any CPU
		{841F6665-53D8-4E2D-B8A7-60F1BDDE3659}.Release|Any CPU.Build.0 = Release|Any CPU
		{841F6665-53D8-4E2D-B8A7-60F1BDDE3659}.Release|x64.ActiveCfg = Release|Any CPU
		{841F6665-53D8-4E2D-B8A7-60F1BDDE3659}.Release|x64.Build.0 = Release|Any CPU
		{841F6665-53D8-4E2D-B8A7-60F1BDDE3659}.Release|x86.ActiveCfg = Release|Any CPU
		{841F6665-53D8-4E2D-B8A7-60F1BDDE3659}.Release|x86.Build.0 = Release|Any CPU
		{8E9F37A9-50C9-44AB-9DF0-313E52531A09}.Debug|Any CPU.ActiveCfg = Debug|Any CPU
		{8E9F37A9-50C9-44AB-9DF0-313E52531A09}.Debug|Any CPU.Build.0 = Debug|Any CPU
		{8E9F37A9-50C9-44AB-9DF0-313E52531A09}.Debug|x64.ActiveCfg = Debug|Any CPU
		{8E9F37A9-50C9-44AB-9DF0-313E52531A09}.Debug|x64.Build.0 = Debug|Any CPU
		{8E9F37A9-50C9-44AB-9DF0-313E52531A09}.Debug|x86.ActiveCfg = Debug|Any CPU
		{8E9F37A9-50C9-44AB-9DF0-313E52531A09}.Debug|x86.Build.0 = Debug|Any CPU
		{8E9F37A9-50C9-44AB-9DF0-313E52531A09}.Release|Any CPU.ActiveCfg = Release|Any CPU
		{8E9F37A9-50C9-44AB-9DF0-313E52531A09}.Release|Any CPU.Build.0 = Release|Any CPU
		{8E9F37A9-50C9-44AB-9DF0-313E52531A09}.Release|x64.ActiveCfg = Release|Any CPU
		{8E9F37A9-50C9-44AB-9DF0-313E52531A09}.Release|x64.Build.0 = Release|Any CPU
		{8E9F37A9-50C9-44AB-9DF0-313E52531A09}.Release|x86.ActiveCfg = Release|Any CPU
		{8E9F37A9-50C9-44AB-9DF0-313E52531A09}.Release|x86.Build.0 = Release|Any CPU
		{DA6ED402-3239-4917-92A9-A57AC7226B7F}.Debug|Any CPU.ActiveCfg = Debug|Any CPU
		{DA6ED402-3239-4917-92A9-A57AC7226B7F}.Debug|Any CPU.Build.0 = Debug|Any CPU
		{DA6ED402-3239-4917-92A9-A57AC7226B7F}.Debug|x64.ActiveCfg = Debug|Any CPU
		{DA6ED402-3239-4917-92A9-A57AC7226B7F}.Debug|x64.Build.0 = Debug|Any CPU
		{DA6ED402-3239-4917-92A9-A57AC7226B7F}.Debug|x86.ActiveCfg = Debug|Any CPU
		{DA6ED402-3239-4917-92A9-A57AC7226B7F}.Debug|x86.Build.0 = Debug|Any CPU
		{DA6ED402-3239-4917-92A9-A57AC7226B7F}.Release|Any CPU.ActiveCfg = Release|Any CPU
		{DA6ED402-3239-4917-92A9-A57AC7226B7F}.Release|Any CPU.Build.0 = Release|Any CPU
		{DA6ED402-3239-4917-92A9-A57AC7226B7F}.Release|x64.ActiveCfg = Release|Any CPU
		{DA6ED402-3239-4917-92A9-A57AC7226B7F}.Release|x64.Build.0 = Release|Any CPU
		{DA6ED402-3239-4917-92A9-A57AC7226B7F}.Release|x86.ActiveCfg = Release|Any CPU
		{DA6ED402-3239-4917-92A9-A57AC7226B7F}.Release|x86.Build.0 = Release|Any CPU
		{37C4EB08-1908-450E-B4A7-ACBE5DB66B06}.Debug|Any CPU.ActiveCfg = Debug|Any CPU
		{37C4EB08-1908-450E-B4A7-ACBE5DB66B06}.Debug|Any CPU.Build.0 = Debug|Any CPU
		{37C4EB08-1908-450E-B4A7-ACBE5DB66B06}.Debug|x64.ActiveCfg = Debug|Any CPU
		{37C4EB08-1908-450E-B4A7-ACBE5DB66B06}.Debug|x64.Build.0 = Debug|Any CPU
		{37C4EB08-1908-450E-B4A7-ACBE5DB66B06}.Debug|x86.ActiveCfg = Debug|Any CPU
		{37C4EB08-1908-450E-B4A7-ACBE5DB66B06}.Debug|x86.Build.0 = Debug|Any CPU
		{37C4EB08-1908-450E-B4A7-ACBE5DB66B06}.Release|Any CPU.ActiveCfg = Release|Any CPU
		{37C4EB08-1908-450E-B4A7-ACBE5DB66B06}.Release|Any CPU.Build.0 = Release|Any CPU
		{37C4EB08-1908-450E-B4A7-ACBE5DB66B06}.Release|x64.ActiveCfg = Release|Any CPU
		{37C4EB08-1908-450E-B4A7-ACBE5DB66B06}.Release|x64.Build.0 = Release|Any CPU
		{37C4EB08-1908-450E-B4A7-ACBE5DB66B06}.Release|x86.ActiveCfg = Release|Any CPU
		{37C4EB08-1908-450E-B4A7-ACBE5DB66B06}.Release|x86.Build.0 = Release|Any CPU
		{43DD2D9E-EE7A-4031-8AD9-3D1205AD8E47}.Debug|Any CPU.ActiveCfg = Debug|Any CPU
		{43DD2D9E-EE7A-4031-8AD9-3D1205AD8E47}.Debug|Any CPU.Build.0 = Debug|Any CPU
		{43DD2D9E-EE7A-4031-8AD9-3D1205AD8E47}.Debug|x64.ActiveCfg = Debug|Any CPU
		{43DD2D9E-EE7A-4031-8AD9-3D1205AD8E47}.Debug|x64.Build.0 = Debug|Any CPU
		{43DD2D9E-EE7A-4031-8AD9-3D1205AD8E47}.Debug|x86.ActiveCfg = Debug|Any CPU
		{43DD2D9E-EE7A-4031-8AD9-3D1205AD8E47}.Debug|x86.Build.0 = Debug|Any CPU
		{43DD2D9E-EE7A-4031-8AD9-3D1205AD8E47}.Release|Any CPU.ActiveCfg = Release|Any CPU
		{43DD2D9E-EE7A-4031-8AD9-3D1205AD8E47}.Release|Any CPU.Build.0 = Release|Any CPU
		{43DD2D9E-EE7A-4031-8AD9-3D1205AD8E47}.Release|x64.ActiveCfg = Release|Any CPU
		{43DD2D9E-EE7A-4031-8AD9-3D1205AD8E47}.Release|x64.Build.0 = Release|Any CPU
		{43DD2D9E-EE7A-4031-8AD9-3D1205AD8E47}.Release|x86.ActiveCfg = Release|Any CPU
		{43DD2D9E-EE7A-4031-8AD9-3D1205AD8E47}.Release|x86.Build.0 = Release|Any CPU
		{D2CA95D6-BD97-47AF-9C65-C2166D2333A4}.Debug|Any CPU.ActiveCfg = Debug|Any CPU
		{D2CA95D6-BD97-47AF-9C65-C2166D2333A4}.Debug|Any CPU.Build.0 = Debug|Any CPU
		{D2CA95D6-BD97-47AF-9C65-C2166D2333A4}.Debug|x64.ActiveCfg = Debug|Any CPU
		{D2CA95D6-BD97-47AF-9C65-C2166D2333A4}.Debug|x64.Build.0 = Debug|Any CPU
		{D2CA95D6-BD97-47AF-9C65-C2166D2333A4}.Debug|x86.ActiveCfg = Debug|Any CPU
		{D2CA95D6-BD97-47AF-9C65-C2166D2333A4}.Debug|x86.Build.0 = Debug|Any CPU
		{D2CA95D6-BD97-47AF-9C65-C2166D2333A4}.Release|Any CPU.ActiveCfg = Release|Any CPU
		{D2CA95D6-BD97-47AF-9C65-C2166D2333A4}.Release|Any CPU.Build.0 = Release|Any CPU
		{D2CA95D6-BD97-47AF-9C65-C2166D2333A4}.Release|x64.ActiveCfg = Release|Any CPU
		{D2CA95D6-BD97-47AF-9C65-C2166D2333A4}.Release|x64.Build.0 = Release|Any CPU
		{D2CA95D6-BD97-47AF-9C65-C2166D2333A4}.Release|x86.ActiveCfg = Release|Any CPU
		{D2CA95D6-BD97-47AF-9C65-C2166D2333A4}.Release|x86.Build.0 = Release|Any CPU
		{5D6F94E6-3642-4157-95C9-B524F4AA672A}.Debug|Any CPU.ActiveCfg = Debug|Any CPU
		{5D6F94E6-3642-4157-95C9-B524F4AA672A}.Debug|Any CPU.Build.0 = Debug|Any CPU
		{5D6F94E6-3642-4157-95C9-B524F4AA672A}.Debug|x64.ActiveCfg = Debug|Any CPU
		{5D6F94E6-3642-4157-95C9-B524F4AA672A}.Debug|x64.Build.0 = Debug|Any CPU
		{5D6F94E6-3642-4157-95C9-B524F4AA672A}.Debug|x86.ActiveCfg = Debug|Any CPU
		{5D6F94E6-3642-4157-95C9-B524F4AA672A}.Debug|x86.Build.0 = Debug|Any CPU
		{5D6F94E6-3642-4157-95C9-B524F4AA672A}.Release|Any CPU.ActiveCfg = Release|Any CPU
		{5D6F94E6-3642-4157-95C9-B524F4AA672A}.Release|Any CPU.Build.0 = Release|Any CPU
		{5D6F94E6-3642-4157-95C9-B524F4AA672A}.Release|x64.ActiveCfg = Release|Any CPU
		{5D6F94E6-3642-4157-95C9-B524F4AA672A}.Release|x64.Build.0 = Release|Any CPU
		{5D6F94E6-3642-4157-95C9-B524F4AA672A}.Release|x86.ActiveCfg = Release|Any CPU
		{5D6F94E6-3642-4157-95C9-B524F4AA672A}.Release|x86.Build.0 = Release|Any CPU
		{D45D3BF8-3986-433E-9F0C-6E633425AC0B}.Debug|Any CPU.ActiveCfg = Debug|Any CPU
		{D45D3BF8-3986-433E-9F0C-6E633425AC0B}.Debug|Any CPU.Build.0 = Debug|Any CPU
		{D45D3BF8-3986-433E-9F0C-6E633425AC0B}.Debug|x64.ActiveCfg = Debug|Any CPU
		{D45D3BF8-3986-433E-9F0C-6E633425AC0B}.Debug|x64.Build.0 = Debug|Any CPU
		{D45D3BF8-3986-433E-9F0C-6E633425AC0B}.Debug|x86.ActiveCfg = Debug|Any CPU
		{D45D3BF8-3986-433E-9F0C-6E633425AC0B}.Debug|x86.Build.0 = Debug|Any CPU
		{D45D3BF8-3986-433E-9F0C-6E633425AC0B}.Release|Any CPU.ActiveCfg = Release|Any CPU
		{D45D3BF8-3986-433E-9F0C-6E633425AC0B}.Release|Any CPU.Build.0 = Release|Any CPU
		{D45D3BF8-3986-433E-9F0C-6E633425AC0B}.Release|x64.ActiveCfg = Release|Any CPU
		{D45D3BF8-3986-433E-9F0C-6E633425AC0B}.Release|x64.Build.0 = Release|Any CPU
		{D45D3BF8-3986-433E-9F0C-6E633425AC0B}.Release|x86.ActiveCfg = Release|Any CPU
		{D45D3BF8-3986-433E-9F0C-6E633425AC0B}.Release|x86.Build.0 = Release|Any CPU
		{86D9F0D1-FBBB-4B80-837C-762CA1F42AD9}.Debug|Any CPU.ActiveCfg = Debug|Any CPU
		{86D9F0D1-FBBB-4B80-837C-762CA1F42AD9}.Debug|Any CPU.Build.0 = Debug|Any CPU
		{86D9F0D1-FBBB-4B80-837C-762CA1F42AD9}.Debug|x64.ActiveCfg = Debug|Any CPU
		{86D9F0D1-FBBB-4B80-837C-762CA1F42AD9}.Debug|x64.Build.0 = Debug|Any CPU
		{86D9F0D1-FBBB-4B80-837C-762CA1F42AD9}.Debug|x86.ActiveCfg = Debug|Any CPU
		{86D9F0D1-FBBB-4B80-837C-762CA1F42AD9}.Debug|x86.Build.0 = Debug|Any CPU
		{86D9F0D1-FBBB-4B80-837C-762CA1F42AD9}.Release|Any CPU.ActiveCfg = Release|Any CPU
		{86D9F0D1-FBBB-4B80-837C-762CA1F42AD9}.Release|Any CPU.Build.0 = Release|Any CPU
		{86D9F0D1-FBBB-4B80-837C-762CA1F42AD9}.Release|x64.ActiveCfg = Release|Any CPU
		{86D9F0D1-FBBB-4B80-837C-762CA1F42AD9}.Release|x64.Build.0 = Release|Any CPU
		{86D9F0D1-FBBB-4B80-837C-762CA1F42AD9}.Release|x86.ActiveCfg = Release|Any CPU
		{86D9F0D1-FBBB-4B80-837C-762CA1F42AD9}.Release|x86.Build.0 = Release|Any CPU
		{11FDED3A-BD1F-8312-AE06-1A6E97FF625E}.Debug|Any CPU.ActiveCfg = Debug
		{11FDED3A-BD1F-8312-AE06-1A6E97FF625E}.Debug|x64.ActiveCfg = Debug
		{11FDED3A-BD1F-8312-AE06-1A6E97FF625E}.Debug|x86.ActiveCfg = Debug
		{11FDED3A-BD1F-8312-AE06-1A6E97FF625E}.Release|Any CPU.ActiveCfg = Release
		{11FDED3A-BD1F-8312-AE06-1A6E97FF625E}.Release|x64.ActiveCfg = Release
		{11FDED3A-BD1F-8312-AE06-1A6E97FF625E}.Release|x86.ActiveCfg = Release
	EndGlobalSection
	GlobalSection(SolutionProperties) = preSolution
		HideSolutionNode = FALSE
	EndGlobalSection
	GlobalSection(NestedProjects) = preSolution
		{D45D3BF8-3986-433E-9F0C-6E633425AC0B} = {0AB3BF05-4346-4AA6-1389-037BE0695223}
		{86D9F0D1-FBBB-4B80-837C-762CA1F42AD9} = {0AB3BF05-4346-4AA6-1389-037BE0695223}
	EndGlobalSection
	GlobalSection(ExtensibilityGlobals) = postSolution
		SolutionGuid = {A0312258-C633-43EB-AF41-5AB6FAAED3B3}
	EndGlobalSection
EndGlobal
